
Microsoft Visual Studio Solution File, Format Version 12.00
# Visual Studio Version 16
VisualStudioVersion = 16.0.33130.400
MinimumVisualStudioVersion = 10.0.40219.1
Project("{F2A71F9B-5D33-465A-A702-920D77279786}") = "ECommerce_GradutionProjectITI", "ECommerce_GradutionProjectITI\ECommerce_GradutionProjectITI.fsproj", "{8E432156-E1BC-4BE9-A210-C9B1836FD974}"
EndProject
Global
	GlobalSection(SolutionConfigurationPlatforms) = preSolution
		Debug|Any CPU = Debug|Any CPU
		Release|Any CPU = Release|Any CPU
	EndGlobalSection
	GlobalSection(ProjectConfigurationPlatforms) = postSolution
		{8E432156-E1BC-4BE9-A210-C9B1836FD974}.Debug|Any CPU.ActiveCfg = Debug|Any CPU
		{8E432156-E1BC-4BE9-A210-C9B1836FD974}.Debug|Any CPU.Build.0 = Debug|Any CPU
		{8E432156-E1BC-4BE9-A210-C9B1836FD974}.Release|Any CPU.ActiveCfg = Release|Any CPU
		{8E432156-E1BC-4BE9-A210-C9B1836FD974}.Release|Any CPU.Build.0 = Release|Any CPU
	EndGlobalSection
	GlobalSection(SolutionProperties) = preSolution
		HideSolutionNode = FALSE
	EndGlobalSection
	GlobalSection(ExtensibilityGlobals) = postSolution
		SolutionGuid = {503D121D-5792-4C5B-BC28-5DF9A729E4BF}
	EndGlobalSection
EndGlobal
