
Microsoft Visual Studio Solution File, Format Version 12.00
# Visual Studio Version 17
VisualStudioVersion = 17.4.33205.214
MinimumVisualStudioVersion = 10.0.40219.1
Project("{9A19103F-16F7-4668-BE54-9A1E7A4F7556}") = "Dashboard.MVC", "Dashboard\Dashboard.MVC.csproj", "{54C366D3-44E6-49CC-9CF9-BC705C6B87AE}"
EndProject
Project("{9A19103F-16F7-4668-BE54-9A1E7A4F7556}") = "Domains", "Domains\Domains.csproj", "{44517FF9-C515-4A23-9CE3-A678479C2477}"
EndProject
Project("{FAE04EC0-301F-11D3-BF4B-00C04F79EFBC}") = "ITI_Jumiaaa.API", "ITI_Jumiaaa.API\ITI_Jumiaaa.API.csproj", "{6444B988-3DC9-4579-8106-CC84D59C8E23}"
EndProject
Global
	GlobalSection(SolutionConfigurationPlatforms) = preSolution
		Debug|Any CPU = Debug|Any CPU
		Release|Any CPU = Release|Any CPU
	EndGlobalSection
	GlobalSection(ProjectConfigurationPlatforms) = postSolution
		{54C366D3-44E6-49CC-9CF9-BC705C6B87AE}.Debug|Any CPU.ActiveCfg = Debug|Any CPU
		{54C366D3-44E6-49CC-9CF9-BC705C6B87AE}.Debug|Any CPU.Build.0 = Debug|Any CPU
		{54C366D3-44E6-49CC-9CF9-BC705C6B87AE}.Release|Any CPU.ActiveCfg = Release|Any CPU
		{54C366D3-44E6-49CC-9CF9-BC705C6B87AE}.Release|Any CPU.Build.0 = Release|Any CPU
		{44517FF9-C515-4A23-9CE3-A678479C2477}.Debug|Any CPU.ActiveCfg = Debug|Any CPU
		{44517FF9-C515-4A23-9CE3-A678479C2477}.Debug|Any CPU.Build.0 = Debug|Any CPU
		{44517FF9-C515-4A23-9CE3-A678479C2477}.Release|Any CPU.ActiveCfg = Release|Any CPU
		{44517FF9-C515-4A23-9CE3-A678479C2477}.Release|Any CPU.Build.0 = Release|Any CPU
		{6444B988-3DC9-4579-8106-CC84D59C8E23}.Debug|Any CPU.ActiveCfg = Debug|Any CPU
		{6444B988-3DC9-4579-8106-CC84D59C8E23}.Debug|Any CPU.Build.0 = Debug|Any CPU
		{6444B988-3DC9-4579-8106-CC84D59C8E23}.Release|Any CPU.ActiveCfg = Release|Any CPU
		{6444B988-3DC9-4579-8106-CC84D59C8E23}.Release|Any CPU.Build.0 = Release|Any CPU
	EndGlobalSection
	GlobalSection(SolutionProperties) = preSolution
		HideSolutionNode = FALSE
	EndGlobalSection
	GlobalSection(ExtensibilityGlobals) = postSolution
		SolutionGuid = {F1D8B9A8-5E48-44E2-848D-FCF3E03AA854}
	EndGlobalSection
EndGlobal
